
Microsoft Visual Studio Solution File, Format Version 12.00
# Visual Studio 2012
Project("{FAE04EC0-301F-11D3-BF4B-00C04F79EFBC}") = "Postmaster.io", "Postmaster.io\Postmaster.io.csproj", "{C0B812A3-4FFE-43AA-AE09-711B688CB199}"
EndProject
Global
	GlobalSection(SolutionConfigurationPlatforms) = preSolution
		Ad-Hoc|Any CPU = Ad-Hoc|Any CPU
		Ad-Hoc|iPhone = Ad-Hoc|iPhone
		Ad-Hoc|iPhoneSimulator = Ad-Hoc|iPhoneSimulator
		Ad-Hoc|Mixed Platforms = Ad-Hoc|Mixed Platforms
		Ad-Hoc|x86 = Ad-Hoc|x86
		AppStore|Any CPU = AppStore|Any CPU
		AppStore|iPhone = AppStore|iPhone
		AppStore|iPhoneSimulator = AppStore|iPhoneSimulator
		AppStore|Mixed Platforms = AppStore|Mixed Platforms
		AppStore|x86 = AppStore|x86
		Debug|Any CPU = Debug|Any CPU
		Debug|iPhone = Debug|iPhone
		Debug|iPhoneSimulator = Debug|iPhoneSimulator
		Debug|Mixed Platforms = Debug|Mixed Platforms
		Debug|x86 = Debug|x86
		Release|Any CPU = Release|Any CPU
		Release|iPhone = Release|iPhone
		Release|iPhoneSimulator = Release|iPhoneSimulator
		Release|Mixed Platforms = Release|Mixed Platforms
		Release|x86 = Release|x86
	EndGlobalSection
	GlobalSection(ProjectConfigurationPlatforms) = postSolution
		{C0B812A3-4FFE-43AA-AE09-711B688CB199}.Ad-Hoc|Any CPU.ActiveCfg = Release|x86
		{C0B812A3-4FFE-43AA-AE09-711B688CB199}.Ad-Hoc|iPhone.ActiveCfg = Debug|x86
		{C0B812A3-4FFE-43AA-AE09-711B688CB199}.Ad-Hoc|iPhone.Build.0 = Debug|x86
		{C0B812A3-4FFE-43AA-AE09-711B688CB199}.Ad-Hoc|iPhoneSimulator.ActiveCfg = Release|x86
		{C0B812A3-4FFE-43AA-AE09-711B688CB199}.Ad-Hoc|Mixed Platforms.ActiveCfg = Release|x86
		{C0B812A3-4FFE-43AA-AE09-711B688CB199}.Ad-Hoc|Mixed Platforms.Build.0 = Release|x86
		{C0B812A3-4FFE-43AA-AE09-711B688CB199}.Ad-Hoc|x86.ActiveCfg = Release|x86
		{C0B812A3-4FFE-43AA-AE09-711B688CB199}.Ad-Hoc|x86.Build.0 = Release|x86
		{C0B812A3-4FFE-43AA-AE09-711B688CB199}.AppStore|Any CPU.ActiveCfg = Release|x86
		{C0B812A3-4FFE-43AA-AE09-711B688CB199}.AppStore|iPhone.ActiveCfg = Debug|x86
		{C0B812A3-4FFE-43AA-AE09-711B688CB199}.AppStore|iPhone.Build.0 = Debug|x86
		{C0B812A3-4FFE-43AA-AE09-711B688CB199}.AppStore|iPhoneSimulator.ActiveCfg = Release|x86
		{C0B812A3-4FFE-43AA-AE09-711B688CB199}.AppStore|Mixed Platforms.ActiveCfg = Release|x86
		{C0B812A3-4FFE-43AA-AE09-711B688CB199}.AppStore|Mixed Platforms.Build.0 = Release|x86
		{C0B812A3-4FFE-43AA-AE09-711B688CB199}.AppStore|x86.ActiveCfg = Release|x86
		{C0B812A3-4FFE-43AA-AE09-711B688CB199}.AppStore|x86.Build.0 = Release|x86
		{C0B812A3-4FFE-43AA-AE09-711B688CB199}.Debug|Any CPU.ActiveCfg = Debug|x86
		{C0B812A3-4FFE-43AA-AE09-711B688CB199}.Debug|iPhone.ActiveCfg = Debug|x86
		{C0B812A3-4FFE-43AA-AE09-711B688CB199}.Debug|iPhone.Build.0 = Debug|x86
		{C0B812A3-4FFE-43AA-AE09-711B688CB199}.Debug|iPhoneSimulator.ActiveCfg = Debug|x86
		{C0B812A3-4FFE-43AA-AE09-711B688CB199}.Debug|iPhoneSimulator.Build.0 = Debug|x86
		{C0B812A3-4FFE-43AA-AE09-711B688CB199}.Debug|Mixed Platforms.ActiveCfg = Debug|x86
		{C0B812A3-4FFE-43AA-AE09-711B688CB199}.Debug|Mixed Platforms.Build.0 = Debug|x86
		{C0B812A3-4FFE-43AA-AE09-711B688CB199}.Debug|x86.ActiveCfg = Debug|x86
		{C0B812A3-4FFE-43AA-AE09-711B688CB199}.Debug|x86.Build.0 = Debug|x86
		{C0B812A3-4FFE-43AA-AE09-711B688CB199}.Release|Any CPU.ActiveCfg = Release|x86
		{C0B812A3-4FFE-43AA-AE09-711B688CB199}.Release|iPhone.ActiveCfg = Release|x86
		{C0B812A3-4FFE-43AA-AE09-711B688CB199}.Release|iPhone.Build.0 = Release|x86
		{C0B812A3-4FFE-43AA-AE09-711B688CB199}.Release|iPhoneSimulator.ActiveCfg = Release|x86
		{C0B812A3-4FFE-43AA-AE09-711B688CB199}.Release|iPhoneSimulator.Build.0 = Release|x86
		{C0B812A3-4FFE-43AA-AE09-711B688CB199}.Release|Mixed Platforms.ActiveCfg = Release|x86
		{C0B812A3-4FFE-43AA-AE09-711B688CB199}.Release|Mixed Platforms.Build.0 = Release|x86
		{C0B812A3-4FFE-43AA-AE09-711B688CB199}.Release|x86.ActiveCfg = Release|x86
		{C0B812A3-4FFE-43AA-AE09-711B688CB199}.Release|x86.Build.0 = Release|x86
	EndGlobalSection
	GlobalSection(SolutionProperties) = preSolution
		HideSolutionNode = FALSE
	EndGlobalSection
	GlobalSection(MonoDevelopProperties) = preSolution
		StartupItem = Postmaster.io\Postmaster.io.csproj
	EndGlobalSection
EndGlobal
